{
    "_readme": [
        "This file locks the dependencies of your project to a known state",
        "Read more about it at http://getcomposer.org/doc/01-basic-usage.md#composer-lock-the-lock-file"
    ],
    "hash": "613797a8610aff7df880fb03bb3fa893",
    "packages": [
        {
            "name": "mashape/unirest-php",
            "version": "dev-master",
            "source": {
                "type": "git",
                "url": "https://github.com/Mashape/unirest-php.git",
                "reference": "656829522032ef97c236ffe4b4bfa154198c29a6"
            },
            "dist": {
                "type": "zip",
                "url": "https://api.github.com/repos/Mashape/unirest-php/zipball/656829522032ef97c236ffe4b4bfa154198c29a6",
                "reference": "656829522032ef97c236ffe4b4bfa154198c29a6",
                "shasum": ""
            },
            "require": {
                "ext-curl": "*",
                "ext-json": "*",
                "php": ">=5.3.0"
            },
            "type": "library",
            "autoload": {
                "psr-0": {
                    "Unirest": "lib"
                }
            },
            "notification-url": "https://packagist.org/downloads/",
            "license": [
                "MIT"
            ],
            "authors": [
                {
                    "name": "Mashape",
                    "email": "support@mashape.com",
                    "homepage": "http://mashape.com"
                }
            ],
            "description": "Unirest PHP",
            "homepage": "http://unirest.io#php",
            "keywords": [
                "curl",
                "rest"
            ],
            "time": "2013-10-22 17:55:16"
        }
    ],
    "packages-dev": [

    ],
    "aliases": [

    ],
    "minimum-stability": "stable",
    "stability-flags": {
        "mashape/unirest-php": 20
    },
    "platform": [

    ],
    "platform-dev": [

    ]
}
